
Microsoft Visual Studio Solution File, Format Version 12.00
# Visual Studio Version 17
VisualStudioVersion = 17.3.32811.315
MinimumVisualStudioVersion = 10.0.40219.1
Project("{FAE04EC0-301F-11D3-BF4B-00C04F79EFBC}") = "UI_013AL", "UI\UI_013AL.csproj", "{CF3FF687-1686-4B00-8E1C-EE45A39CBF61}"
EndProject
Project("{FAE04EC0-301F-11D3-BF4B-00C04F79EFBC}") = "BLL_013AL", "BLL\BLL_013AL.csproj", "{F201735B-DFF3-4ADC-9A43-E74B4E7F17E9}"
EndProject
Project("{FAE04EC0-301F-11D3-BF4B-00C04F79EFBC}") = "DAL_013AL", "DAL\DAL_013AL.csproj", "{D2CA9DF5-92B3-4D18-AD5B-6FC8184C3965}"
EndProject
Project("{FAE04EC0-301F-11D3-BF4B-00C04F79EFBC}") = "BE_013AL", "BE\BE_013AL.csproj", "{AEDD46EE-FB37-4D63-A94F-F900221AE16E}"
EndProject
Project("{FAE04EC0-301F-11D3-BF4B-00C04F79EFBC}") = "Servicios_013AL", "Servicios\Servicios_013AL.csproj", "{CA5217CA-D1DE-4B5F-9301-44F3E2010AF6}"
EndProject
Project("{FAE04EC0-301F-11D3-BF4B-00C04F79EFBC}") = "PruebaUnitaria", "PruebaUnitaria\PruebaUnitaria.csproj", "{98FFBC2D-FB1F-4EE9-96F8-4AF4F25F142D}"
EndProject
Global
	GlobalSection(SolutionConfigurationPlatforms) = preSolution
		Debug|Any CPU = Debug|Any CPU
		Release|Any CPU = Release|Any CPU
	EndGlobalSection
	GlobalSection(ProjectConfigurationPlatforms) = postSolution
		{CF3FF687-1686-4B00-8E1C-EE45A39CBF61}.Debug|Any CPU.ActiveCfg = Debug|Any CPU
		{CF3FF687-1686-4B00-8E1C-EE45A39CBF61}.Debug|Any CPU.Build.0 = Debug|Any CPU
		{CF3FF687-1686-4B00-8E1C-EE45A39CBF61}.Release|Any CPU.ActiveCfg = Release|Any CPU
		{CF3FF687-1686-4B00-8E1C-EE45A39CBF61}.Release|Any CPU.Build.0 = Release|Any CPU
		{F201735B-DFF3-4ADC-9A43-E74B4E7F17E9}.Debug|Any CPU.ActiveCfg = Debug|Any CPU
		{F201735B-DFF3-4ADC-9A43-E74B4E7F17E9}.Debug|Any CPU.Build.0 = Debug|Any CPU
		{F201735B-DFF3-4ADC-9A43-E74B4E7F17E9}.Release|Any CPU.ActiveCfg = Release|Any CPU
		{F201735B-DFF3-4ADC-9A43-E74B4E7F17E9}.Release|Any CPU.Build.0 = Release|Any CPU
		{D2CA9DF5-92B3-4D18-AD5B-6FC8184C3965}.Debug|Any CPU.ActiveCfg = Debug|Any CPU
		{D2CA9DF5-92B3-4D18-AD5B-6FC8184C3965}.Debug|Any CPU.Build.0 = Debug|Any CPU
		{D2CA9DF5-92B3-4D18-AD5B-6FC8184C3965}.Release|Any CPU.ActiveCfg = Release|Any CPU
		{D2CA9DF5-92B3-4D18-AD5B-6FC8184C3965}.Release|Any CPU.Build.0 = Release|Any CPU
		{AEDD46EE-FB37-4D63-A94F-F900221AE16E}.Debug|Any CPU.ActiveCfg = Debug|Any CPU
		{AEDD46EE-FB37-4D63-A94F-F900221AE16E}.Debug|Any CPU.Build.0 = Debug|Any CPU
		{AEDD46EE-FB37-4D63-A94F-F900221AE16E}.Release|Any CPU.ActiveCfg = Release|Any CPU
		{AEDD46EE-FB37-4D63-A94F-F900221AE16E}.Release|Any CPU.Build.0 = Release|Any CPU
		{CA5217CA-D1DE-4B5F-9301-44F3E2010AF6}.Debug|Any CPU.ActiveCfg = Debug|Any CPU
		{CA5217CA-D1DE-4B5F-9301-44F3E2010AF6}.Debug|Any CPU.Build.0 = Debug|Any CPU
		{CA5217CA-D1DE-4B5F-9301-44F3E2010AF6}.Release|Any CPU.ActiveCfg = Release|Any CPU
		{CA5217CA-D1DE-4B5F-9301-44F3E2010AF6}.Release|Any CPU.Build.0 = Release|Any CPU
		{98FFBC2D-FB1F-4EE9-96F8-4AF4F25F142D}.Debug|Any CPU.ActiveCfg = Debug|Any CPU
		{98FFBC2D-FB1F-4EE9-96F8-4AF4F25F142D}.Debug|Any CPU.Build.0 = Debug|Any CPU
		{98FFBC2D-FB1F-4EE9-96F8-4AF4F25F142D}.Release|Any CPU.ActiveCfg = Release|Any CPU
		{98FFBC2D-FB1F-4EE9-96F8-4AF4F25F142D}.Release|Any CPU.Build.0 = Release|Any CPU
	EndGlobalSection
	GlobalSection(SolutionProperties) = preSolution
		HideSolutionNode = FALSE
	EndGlobalSection
	GlobalSection(ExtensibilityGlobals) = postSolution
		SolutionGuid = {864059FC-8116-400F-87DF-8D837193EE4C}
	EndGlobalSection
EndGlobal
